
Microsoft Visual Studio Solution File, Format Version 12.00
# Visual Studio 15
VisualStudioVersion = 15.0.28307.136
MinimumVisualStudioVersion = 10.0.40219.1
Project("{FAE04EC0-301F-11D3-BF4B-00C04F79EFBC}") = "ExternalConfigurationProvider.Autofac", "src\ExternalConfigurationProvider.Autofac\ExternalConfigurationProvider.Autofac.csproj", "{7BB1FCDD-5C90-4AB5-B780-B0886F75BBAE}"
EndProject
Global
	GlobalSection(SolutionConfigurationPlatforms) = preSolution
		Debug|Any CPU = Debug|Any CPU
		Release|Any CPU = Release|Any CPU
	EndGlobalSection
	GlobalSection(ProjectConfigurationPlatforms) = postSolution
		{7BB1FCDD-5C90-4AB5-B780-B0886F75BBAE}.Debug|Any CPU.ActiveCfg = Debug|Any CPU
		{7BB1FCDD-5C90-4AB5-B780-B0886F75BBAE}.Debug|Any CPU.Build.0 = Debug|Any CPU
		{7BB1FCDD-5C90-4AB5-B780-B0886F75BBAE}.Release|Any CPU.ActiveCfg = Release|Any CPU
		{7BB1FCDD-5C90-4AB5-B780-B0886F75BBAE}.Release|Any CPU.Build.0 = Release|Any CPU
	EndGlobalSection
	GlobalSection(SolutionProperties) = preSolution
		HideSolutionNode = FALSE
	EndGlobalSection
	GlobalSection(ExtensibilityGlobals) = postSolution
		SolutionGuid = {D023524D-B785-47E1-97E1-2267FEBCEDA0}
	EndGlobalSection
EndGlobal
